# @generated by Move, please check-in and do not edit manually.

[move]
version = 3
manifest_digest = "88EBBE63F1965543174E8013795C310219EB6B9AF7000189DF14207CCEF1A253"
deps_digest = "F8BBB0CCB2491CA29A3DF03D6F92277A4F3574266507ACD77214D37ECA3F3082"
dependencies = [
  { id = "Sui", name = "Sui" },
]

[[move.package]]
id = "MoveStdlib"
source = { git = "https://github.com/MystenLabs/sui.git", rev = "framework/testnet", subdir = "crates\\sui-framework\\packages\\move-stdlib" }

[[move.package]]
id = "Sui"
source = { git = "https://github.com/MystenLabs/sui.git", rev = "framework/testnet", subdir = "crates/sui-framework/packages/sui-framework" }

dependencies = [
  { id = "MoveStdlib", name = "MoveStdlib" },
]

[move.toolchain-version]
compiler-version = "1.45.2"
edition = "2024.beta"
flavor = "sui"

[env]

[env.testnet]
chain-id = "4c78adac"
original-published-id = "0x965e494fba648d4914c085f03ab0ae7b36f68d83331ed9729de8f30b16cf8076"
latest-published-id = "0x965e494fba648d4914c085f03ab0ae7b36f68d83331ed9729de8f30b16cf8076"
published-version = "1"
